
Microsoft Visual Studio Solution File, Format Version 12.00
# Visual Studio Version 16
VisualStudioVersion = 16.0.30717.126
MinimumVisualStudioVersion = 10.0.40219.1
Project("{888888A0-9F3D-457C-B088-3A5042F75D52}") = "wireworld元胞自动机", "wireworld元胞自动机.pyproj", "{F6A5FD13-8A09-4F97-8F15-C35004B1F472}"
EndProject
Global
	GlobalSection(SolutionConfigurationPlatforms) = preSolution
		Debug|Any CPU = Debug|Any CPU
		Release|Any CPU = Release|Any CPU
	EndGlobalSection
	GlobalSection(ProjectConfigurationPlatforms) = postSolution
		{F6A5FD13-8A09-4F97-8F15-C35004B1F472}.Debug|Any CPU.ActiveCfg = Debug|Any CPU
		{F6A5FD13-8A09-4F97-8F15-C35004B1F472}.Release|Any CPU.ActiveCfg = Release|Any CPU
	EndGlobalSection
	GlobalSection(SolutionProperties) = preSolution
		HideSolutionNode = FALSE
	EndGlobalSection
	GlobalSection(ExtensibilityGlobals) = postSolution
		SolutionGuid = {2357AB72-AE42-4970-B30D-316753341321}
	EndGlobalSection
EndGlobal
